// !$*UTF8*$!
{
	archiveVersion = 1;
	classes = {
	};
	objectVersion = 50;
	objects = {

/* Begin PBXBuildFile section */
		DE2BD5FA25384899006E5531 /* SplatInfoApp.swift in Sources */ = {isa = PBXBuildFile; fileRef = DE2BD5F925384899006E5531 /* SplatInfoApp.swift */; };
		DE2BD5FC25384899006E5531 /* ContentView.swift in Sources */ = {isa = PBXBuildFile; fileRef = DE2BD5FB25384899006E5531 /* ContentView.swift */; };
		DE2BD5FE2538489C006E5531 /* Assets.xcassets in Resources */ = {isa = PBXBuildFile; fileRef = DE2BD5FD2538489C006E5531 /* Assets.xcassets */; };
		DE2BD6012538489C006E5531 /* Preview Assets.xcassets in Resources */ = {isa = PBXBuildFile; fileRef = DE2BD6002538489C006E5531 /* Preview Assets.xcassets */; };
		DE2BD60C2538489D006E5531 /* SplatInfoTests.swift in Sources */ = {isa = PBXBuildFile; fileRef = DE2BD60B2538489D006E5531 /* SplatInfoTests.swift */; };
		DE2BD6172538489D006E5531 /* SplatInfoUITests.swift in Sources */ = {isa = PBXBuildFile; fileRef = DE2BD6162538489D006E5531 /* SplatInfoUITests.swift */; };
		DE41B90025417C8A00AAD49A /* ImageLoader.swift in Sources */ = {isa = PBXBuildFile; fileRef = DE41B8FF25417C8A00AAD49A /* ImageLoader.swift */; };
		DE41B90625417D0A00AAD49A /* AsyncImage.swift in Sources */ = {isa = PBXBuildFile; fileRef = DE41B90525417D0A00AAD49A /* AsyncImage.swift */; };
		DE41B90E25419B4500AAD49A /* StageImage.swift in Sources */ = {isa = PBXBuildFile; fileRef = DE41B90D25419B4500AAD49A /* StageImage.swift */; };
		DE41B91325419B8200AAD49A /* GameModeEventView.swift in Sources */ = {isa = PBXBuildFile; fileRef = DE41B91225419B8200AAD49A /* GameModeEventView.swift */; };
		DE41B91825419BC400AAD49A /* TitleView.swift in Sources */ = {isa = PBXBuildFile; fileRef = DE41B91725419BC400AAD49A /* TitleView.swift */; };
		DE41B91D25419BDA00AAD49A /* TimeframeView.swift in Sources */ = {isa = PBXBuildFile; fileRef = DE41B91C25419BDA00AAD49A /* TimeframeView.swift */; };
		DE41B92225419C2B00AAD49A /* CoopEventView.swift in Sources */ = {isa = PBXBuildFile; fileRef = DE41B92125419C2B00AAD49A /* CoopEventView.swift */; };
		DE41B92725419C5600AAD49A /* TimelineCard.swift in Sources */ = {isa = PBXBuildFile; fileRef = DE41B92625419C5600AAD49A /* TimelineCard.swift */; };
		DE41B92C25419C7D00AAD49A /* ScheduleGrid.swift in Sources */ = {isa = PBXBuildFile; fileRef = DE41B92B25419C7D00AAD49A /* ScheduleGrid.swift */; };
		DE50121425385E0D00A73F7A /* Splatoon2InkAPI.swift in Sources */ = {isa = PBXBuildFile; fileRef = DE50121325385E0D00A73F7A /* Splatoon2InkAPI.swift */; };
		DE50121525385E0D00A73F7A /* Splatoon2InkAPI.swift in Sources */ = {isa = PBXBuildFile; fileRef = DE50121325385E0D00A73F7A /* Splatoon2InkAPI.swift */; };
		DE50121625385E0D00A73F7A /* Splatoon2InkAPI.swift in Sources */ = {isa = PBXBuildFile; fileRef = DE50121325385E0D00A73F7A /* Splatoon2InkAPI.swift */; };
		DE50121B2539D22800A73F7A /* SplatoonKit.swift in Sources */ = {isa = PBXBuildFile; fileRef = DE50121A2539D22800A73F7A /* SplatoonKit.swift */; };
		DE50121C2539D22800A73F7A /* SplatoonKit.swift in Sources */ = {isa = PBXBuildFile; fileRef = DE50121A2539D22800A73F7A /* SplatoonKit.swift */; };
		DE50121D2539D22800A73F7A /* SplatoonKit.swift in Sources */ = {isa = PBXBuildFile; fileRef = DE50121A2539D22800A73F7A /* SplatoonKit.swift */; };
		DE5012222539E24A00A73F7A /* ScheduleFetcher.swift in Sources */ = {isa = PBXBuildFile; fileRef = DE5012212539E24A00A73F7A /* ScheduleFetcher.swift */; };
		DE5012232539E24A00A73F7A /* ScheduleFetcher.swift in Sources */ = {isa = PBXBuildFile; fileRef = DE5012212539E24A00A73F7A /* ScheduleFetcher.swift */; };
		DE5012242539E24A00A73F7A /* ScheduleFetcher.swift in Sources */ = {isa = PBXBuildFile; fileRef = DE5012212539E24A00A73F7A /* ScheduleFetcher.swift */; };
		DE50122D253A1B7500A73F7A /* schedules.json in Resources */ = {isa = PBXBuildFile; fileRef = DE50122C253A1B7500A73F7A /* schedules.json */; };
		DE50122E253A1B7500A73F7A /* schedules.json in Resources */ = {isa = PBXBuildFile; fileRef = DE50122C253A1B7500A73F7A /* schedules.json */; };
		DE50122F253A1B7500A73F7A /* schedules.json in Resources */ = {isa = PBXBuildFile; fileRef = DE50122C253A1B7500A73F7A /* schedules.json */; };
		DE501237253A1BA300A73F7A /* coop-schedules.json in Resources */ = {isa = PBXBuildFile; fileRef = DE501236253A1BA300A73F7A /* coop-schedules.json */; };
		DE501238253A1BA300A73F7A /* coop-schedules.json in Resources */ = {isa = PBXBuildFile; fileRef = DE501236253A1BA300A73F7A /* coop-schedules.json */; };
		DE501239253A1BA300A73F7A /* coop-schedules.json in Resources */ = {isa = PBXBuildFile; fileRef = DE501236253A1BA300A73F7A /* coop-schedules.json */; };
		DE50123E253A1BC600A73F7A /* timeline.json in Resources */ = {isa = PBXBuildFile; fileRef = DE50123D253A1BC600A73F7A /* timeline.json */; };
		DE50123F253A1BC600A73F7A /* timeline.json in Resources */ = {isa = PBXBuildFile; fileRef = DE50123D253A1BC600A73F7A /* timeline.json */; };
		DE501240253A1BC600A73F7A /* timeline.json in Resources */ = {isa = PBXBuildFile; fileRef = DE50123D253A1BC600A73F7A /* timeline.json */; };
		DE501245253A1BE200A73F7A /* merchandise.json in Resources */ = {isa = PBXBuildFile; fileRef = DE501244253A1BE200A73F7A /* merchandise.json */; };
		DE501246253A1BE200A73F7A /* merchandise.json in Resources */ = {isa = PBXBuildFile; fileRef = DE501244253A1BE200A73F7A /* merchandise.json */; };
		DE501247253A1BE200A73F7A /* merchandise.json in Resources */ = {isa = PBXBuildFile; fileRef = DE501244253A1BE200A73F7A /* merchandise.json */; };
		DE50124C253A1BFF00A73F7A /* festivals.json in Resources */ = {isa = PBXBuildFile; fileRef = DE50124B253A1BFF00A73F7A /* festivals.json */; };
		DE50124D253A1BFF00A73F7A /* festivals.json in Resources */ = {isa = PBXBuildFile; fileRef = DE50124B253A1BFF00A73F7A /* festivals.json */; };
		DE50124E253A1BFF00A73F7A /* festivals.json in Resources */ = {isa = PBXBuildFile; fileRef = DE50124B253A1BFF00A73F7A /* festivals.json */; };
		DE501256253A1C2400A73F7A /* na-5060-rankings.json in Resources */ = {isa = PBXBuildFile; fileRef = DE501255253A1C2400A73F7A /* na-5060-rankings.json */; };
		DE501257253A1C2400A73F7A /* na-5060-rankings.json in Resources */ = {isa = PBXBuildFile; fileRef = DE501255253A1C2400A73F7A /* na-5060-rankings.json */; };
		DE501258253A1C2400A73F7A /* na-5060-rankings.json in Resources */ = {isa = PBXBuildFile; fileRef = DE501255253A1C2400A73F7A /* na-5060-rankings.json */; };
/* End PBXBuildFile section */

/* Begin PBXContainerItemProxy section */
		DE2BD6082538489D006E5531 /* PBXContainerItemProxy */ = {
			isa = PBXContainerItemProxy;
			containerPortal = DE2BD5EE25384899006E5531 /* Project object */;
			proxyType = 1;
			remoteGlobalIDString = DE2BD5F525384899006E5531;
			remoteInfo = SplatInfo;
		};
		DE2BD6132538489D006E5531 /* PBXContainerItemProxy */ = {
			isa = PBXContainerItemProxy;
			containerPortal = DE2BD5EE25384899006E5531 /* Project object */;
			proxyType = 1;
			remoteGlobalIDString = DE2BD5F525384899006E5531;
			remoteInfo = SplatInfo;
		};
/* End PBXContainerItemProxy section */

/* Begin PBXFileReference section */
		DE2BD5F625384899006E5531 /* SplatInfo.app */ = {isa = PBXFileReference; explicitFileType = wrapper.application; includeInIndex = 0; path = SplatInfo.app; sourceTree = BUILT_PRODUCTS_DIR; };
		DE2BD5F925384899006E5531 /* SplatInfoApp.swift */ = {isa = PBXFileReference; lastKnownFileType = sourcecode.swift; path = SplatInfoApp.swift; sourceTree = "<group>"; };
		DE2BD5FB25384899006E5531 /* ContentView.swift */ = {isa = PBXFileReference; lastKnownFileType = sourcecode.swift; path = ContentView.swift; sourceTree = "<group>"; };
		DE2BD5FD2538489C006E5531 /* Assets.xcassets */ = {isa = PBXFileReference; lastKnownFileType = folder.assetcatalog; path = Assets.xcassets; sourceTree = "<group>"; };
		DE2BD6002538489C006E5531 /* Preview Assets.xcassets */ = {isa = PBXFileReference; lastKnownFileType = folder.assetcatalog; path = "Preview Assets.xcassets"; sourceTree = "<group>"; };
		DE2BD6022538489C006E5531 /* Info.plist */ = {isa = PBXFileReference; lastKnownFileType = text.plist.xml; path = Info.plist; sourceTree = "<group>"; };
		DE2BD6072538489D006E5531 /* SplatInfoTests.xctest */ = {isa = PBXFileReference; explicitFileType = wrapper.cfbundle; includeInIndex = 0; path = SplatInfoTests.xctest; sourceTree = BUILT_PRODUCTS_DIR; };
		DE2BD60B2538489D006E5531 /* SplatInfoTests.swift */ = {isa = PBXFileReference; lastKnownFileType = sourcecode.swift; path = SplatInfoTests.swift; sourceTree = "<group>"; };
		DE2BD60D2538489D006E5531 /* Info.plist */ = {isa = PBXFileReference; lastKnownFileType = text.plist.xml; path = Info.plist; sourceTree = "<group>"; };
		DE2BD6122538489D006E5531 /* SplatInfoUITests.xctest */ = {isa = PBXFileReference; explicitFileType = wrapper.cfbundle; includeInIndex = 0; path = SplatInfoUITests.xctest; sourceTree = BUILT_PRODUCTS_DIR; };
		DE2BD6162538489D006E5531 /* SplatInfoUITests.swift */ = {isa = PBXFileReference; lastKnownFileType = sourcecode.swift; path = SplatInfoUITests.swift; sourceTree = "<group>"; };
		DE2BD6182538489D006E5531 /* Info.plist */ = {isa = PBXFileReference; lastKnownFileType = text.plist.xml; path = Info.plist; sourceTree = "<group>"; };
		DE41B8FF25417C8A00AAD49A /* ImageLoader.swift */ = {isa = PBXFileReference; lastKnownFileType = sourcecode.swift; path = ImageLoader.swift; sourceTree = "<group>"; };
		DE41B90525417D0A00AAD49A /* AsyncImage.swift */ = {isa = PBXFileReference; lastKnownFileType = sourcecode.swift; path = AsyncImage.swift; sourceTree = "<group>"; };
		DE41B90D25419B4500AAD49A /* StageImage.swift */ = {isa = PBXFileReference; lastKnownFileType = sourcecode.swift; path = StageImage.swift; sourceTree = "<group>"; };
		DE41B91225419B8200AAD49A /* GameModeEventView.swift */ = {isa = PBXFileReference; lastKnownFileType = sourcecode.swift; path = GameModeEventView.swift; sourceTree = "<group>"; };
		DE41B91725419BC400AAD49A /* TitleView.swift */ = {isa = PBXFileReference; lastKnownFileType = sourcecode.swift; path = TitleView.swift; sourceTree = "<group>"; };
		DE41B91C25419BDA00AAD49A /* TimeframeView.swift */ = {isa = PBXFileReference; lastKnownFileType = sourcecode.swift; path = TimeframeView.swift; sourceTree = "<group>"; };
		DE41B92125419C2B00AAD49A /* CoopEventView.swift */ = {isa = PBXFileReference; lastKnownFileType = sourcecode.swift; path = CoopEventView.swift; sourceTree = "<group>"; };
		DE41B92625419C5600AAD49A /* TimelineCard.swift */ = {isa = PBXFileReference; lastKnownFileType = sourcecode.swift; path = TimelineCard.swift; sourceTree = "<group>"; };
		DE41B92B25419C7D00AAD49A /* ScheduleGrid.swift */ = {isa = PBXFileReference; lastKnownFileType = sourcecode.swift; path = ScheduleGrid.swift; sourceTree = "<group>"; };
		DE50121325385E0D00A73F7A /* Splatoon2InkAPI.swift */ = {isa = PBXFileReference; lastKnownFileType = sourcecode.swift; path = Splatoon2InkAPI.swift; sourceTree = "<group>"; };
		DE50121A2539D22800A73F7A /* SplatoonKit.swift */ = {isa = PBXFileReference; lastKnownFileType = sourcecode.swift; path = SplatoonKit.swift; sourceTree = "<group>"; };
		DE5012212539E24A00A73F7A /* ScheduleFetcher.swift */ = {isa = PBXFileReference; lastKnownFileType = sourcecode.swift; path = ScheduleFetcher.swift; sourceTree = "<group>"; };
		DE50122C253A1B7500A73F7A /* schedules.json */ = {isa = PBXFileReference; lastKnownFileType = text.json; path = schedules.json; sourceTree = "<group>"; };
		DE501236253A1BA300A73F7A /* coop-schedules.json */ = {isa = PBXFileReference; lastKnownFileType = text.json; path = "coop-schedules.json"; sourceTree = "<group>"; };
		DE50123D253A1BC600A73F7A /* timeline.json */ = {isa = PBXFileReference; lastKnownFileType = text.json; path = timeline.json; sourceTree = "<group>"; };
		DE501244253A1BE200A73F7A /* merchandise.json */ = {isa = PBXFileReference; lastKnownFileType = text.json; path = merchandise.json; sourceTree = "<group>"; };
		DE50124B253A1BFF00A73F7A /* festivals.json */ = {isa = PBXFileReference; fileEncoding = 4; lastKnownFileType = text.json; path = festivals.json; sourceTree = "<group>"; };
		DE501255253A1C2400A73F7A /* na-5060-rankings.json */ = {isa = PBXFileReference; fileEncoding = 4; lastKnownFileType = text.json; path = "na-5060-rankings.json"; sourceTree = "<group>"; };
/* End PBXFileReference section */

/* Begin PBXFrameworksBuildPhase section */
		DE2BD5F325384899006E5531 /* Frameworks */ = {
			isa = PBXFrameworksBuildPhase;
			buildActionMask = 2147483647;
			files = (
			);
			runOnlyForDeploymentPostprocessing = 0;
		};
		DE2BD6042538489D006E5531 /* Frameworks */ = {
			isa = PBXFrameworksBuildPhase;
			buildActionMask = 2147483647;
			files = (
			);
			runOnlyForDeploymentPostprocessing = 0;
		};
		DE2BD60F2538489D006E5531 /* Frameworks */ = {
			isa = PBXFrameworksBuildPhase;
			buildActionMask = 2147483647;
			files = (
			);
			runOnlyForDeploymentPostprocessing = 0;
		};
/* End PBXFrameworksBuildPhase section */

/* Begin PBXGroup section */
		DE2BD5ED25384899006E5531 = {
			isa = PBXGroup;
			children = (
				DE2BD5F825384899006E5531 /* SplatInfo */,
				DE2BD60A2538489D006E5531 /* SplatInfoTests */,
				DE2BD6152538489D006E5531 /* SplatInfoUITests */,
				DE2BD5F725384899006E5531 /* Products */,
			);
			sourceTree = "<group>";
		};
		DE2BD5F725384899006E5531 /* Products */ = {
			isa = PBXGroup;
			children = (
				DE2BD5F625384899006E5531 /* SplatInfo.app */,
				DE2BD6072538489D006E5531 /* SplatInfoTests.xctest */,
				DE2BD6122538489D006E5531 /* SplatInfoUITests.xctest */,
			);
			name = Products;
			sourceTree = "<group>";
		};
		DE2BD5F825384899006E5531 /* SplatInfo */ = {
			isa = PBXGroup;
			children = (
				DE5012212539E24A00A73F7A /* ScheduleFetcher.swift */,
				DE50121A2539D22800A73F7A /* SplatoonKit.swift */,
				DE50121325385E0D00A73F7A /* Splatoon2InkAPI.swift */,
				DE41B8FF25417C8A00AAD49A /* ImageLoader.swift */,
				DE41B90425417CE400AAD49A /* SwiftUI */,
				DE2BD5F925384899006E5531 /* SplatInfoApp.swift */,
				DE2BD5FB25384899006E5531 /* ContentView.swift */,
				DE2BD5FD2538489C006E5531 /* Assets.xcassets */,
				DE2BD6022538489C006E5531 /* Info.plist */,
				DE2BD5FF2538489C006E5531 /* Preview Content */,
			);
			path = SplatInfo;
			sourceTree = "<group>";
		};
		DE2BD5FF2538489C006E5531 /* Preview Content */ = {
			isa = PBXGroup;
			children = (
				DE2BD6002538489C006E5531 /* Preview Assets.xcassets */,
				DE50122C253A1B7500A73F7A /* schedules.json */,
				DE501236253A1BA300A73F7A /* coop-schedules.json */,
				DE50123D253A1BC600A73F7A /* timeline.json */,
				DE50124B253A1BFF00A73F7A /* festivals.json */,
				DE501255253A1C2400A73F7A /* na-5060-rankings.json */,
				DE501244253A1BE200A73F7A /* merchandise.json */,
			);
			path = "Preview Content";
			sourceTree = "<group>";
		};
		DE2BD60A2538489D006E5531 /* SplatInfoTests */ = {
			isa = PBXGroup;
			children = (
				DE2BD60B2538489D006E5531 /* SplatInfoTests.swift */,
				DE2BD60D2538489D006E5531 /* Info.plist */,
			);
			path = SplatInfoTests;
			sourceTree = "<group>";
		};
		DE2BD6152538489D006E5531 /* SplatInfoUITests */ = {
			isa = PBXGroup;
			children = (
				DE2BD6162538489D006E5531 /* SplatInfoUITests.swift */,
				DE2BD6182538489D006E5531 /* Info.plist */,
			);
			path = SplatInfoUITests;
			sourceTree = "<group>";
		};
		DE41B90425417CE400AAD49A /* SwiftUI */ = {
			isa = PBXGroup;
			children = (
				DE41B90525417D0A00AAD49A /* AsyncImage.swift */,
				DE41B90D25419B4500AAD49A /* StageImage.swift */,
				DE41B91225419B8200AAD49A /* GameModeEventView.swift */,
				DE41B91725419BC400AAD49A /* TitleView.swift */,
				DE41B91C25419BDA00AAD49A /* TimeframeView.swift */,
				DE41B92125419C2B00AAD49A /* CoopEventView.swift */,
				DE41B92625419C5600AAD49A /* TimelineCard.swift */,
				DE41B92B25419C7D00AAD49A /* ScheduleGrid.swift */,
			);
			path = SwiftUI;
			sourceTree = "<group>";
		};
/* End PBXGroup section */

/* Begin PBXNativeTarget section */
		DE2BD5F525384899006E5531 /* SplatInfo */ = {
			isa = PBXNativeTarget;
			buildConfigurationList = DE2BD61B2538489D006E5531 /* Build configuration list for PBXNativeTarget "SplatInfo" */;
			buildPhases = (
				DE2BD5F225384899006E5531 /* Sources */,
				DE2BD5F325384899006E5531 /* Frameworks */,
				DE2BD5F425384899006E5531 /* Resources */,
			);
			buildRules = (
			);
			dependencies = (
			);
			name = SplatInfo;
			productName = SplatInfo;
			productReference = DE2BD5F625384899006E5531 /* SplatInfo.app */;
			productType = "com.apple.product-type.application";
		};
		DE2BD6062538489D006E5531 /* SplatInfoTests */ = {
			isa = PBXNativeTarget;
			buildConfigurationList = DE2BD61E2538489D006E5531 /* Build configuration list for PBXNativeTarget "SplatInfoTests" */;
			buildPhases = (
				DE2BD6032538489D006E5531 /* Sources */,
				DE2BD6042538489D006E5531 /* Frameworks */,
				DE2BD6052538489D006E5531 /* Resources */,
			);
			buildRules = (
			);
			dependencies = (
				DE2BD6092538489D006E5531 /* PBXTargetDependency */,
			);
			name = SplatInfoTests;
			productName = SplatInfoTests;
			productReference = DE2BD6072538489D006E5531 /* SplatInfoTests.xctest */;
			productType = "com.apple.product-type.bundle.unit-test";
		};
		DE2BD6112538489D006E5531 /* SplatInfoUITests */ = {
			isa = PBXNativeTarget;
			buildConfigurationList = DE2BD6212538489D006E5531 /* Build configuration list for PBXNativeTarget "SplatInfoUITests" */;
			buildPhases = (
				DE2BD60E2538489D006E5531 /* Sources */,
				DE2BD60F2538489D006E5531 /* Frameworks */,
				DE2BD6102538489D006E5531 /* Resources */,
			);
			buildRules = (
			);
			dependencies = (
				DE2BD6142538489D006E5531 /* PBXTargetDependency */,
			);
			name = SplatInfoUITests;
			productName = SplatInfoUITests;
			productReference = DE2BD6122538489D006E5531 /* SplatInfoUITests.xctest */;
			productType = "com.apple.product-type.bundle.ui-testing";
		};
/* End PBXNativeTarget section */

/* Begin PBXProject section */
		DE2BD5EE25384899006E5531 /* Project object */ = {
			isa = PBXProject;
			attributes = {
				LastSwiftUpdateCheck = 1200;
				LastUpgradeCheck = 1200;
				TargetAttributes = {
					DE2BD5F525384899006E5531 = {
						CreatedOnToolsVersion = 12.0;
					};
					DE2BD6062538489D006E5531 = {
						CreatedOnToolsVersion = 12.0;
						TestTargetID = DE2BD5F525384899006E5531;
					};
					DE2BD6112538489D006E5531 = {
						CreatedOnToolsVersion = 12.0;
						TestTargetID = DE2BD5F525384899006E5531;
					};
				};
			};
			buildConfigurationList = DE2BD5F125384899006E5531 /* Build configuration list for PBXProject "SplatInfo" */;
			compatibilityVersion = "Xcode 9.3";
			developmentRegion = en;
			hasScannedForEncodings = 0;
			knownRegions = (
				en,
				Base,
			);
			mainGroup = DE2BD5ED25384899006E5531;
			productRefGroup = DE2BD5F725384899006E5531 /* Products */;
			projectDirPath = "";
			projectRoot = "";
			targets = (
				DE2BD5F525384899006E5531 /* SplatInfo */,
				DE2BD6062538489D006E5531 /* SplatInfoTests */,
				DE2BD6112538489D006E5531 /* SplatInfoUITests */,
			);
		};
/* End PBXProject section */

/* Begin PBXResourcesBuildPhase section */
		DE2BD5F425384899006E5531 /* Resources */ = {
			isa = PBXResourcesBuildPhase;
			buildActionMask = 2147483647;
			files = (
				DE50122D253A1B7500A73F7A /* schedules.json in Resources */,
				DE501245253A1BE200A73F7A /* merchandise.json in Resources */,
				DE501237253A1BA300A73F7A /* coop-schedules.json in Resources */,
				DE50124C253A1BFF00A73F7A /* festivals.json in Resources */,
				DE2BD6012538489C006E5531 /* Preview Assets.xcassets in Resources */,
				DE2BD5FE2538489C006E5531 /* Assets.xcassets in Resources */,
				DE501256253A1C2400A73F7A /* na-5060-rankings.json in Resources */,
				DE50123E253A1BC600A73F7A /* timeline.json in Resources */,
			);
			runOnlyForDeploymentPostprocessing = 0;
		};
		DE2BD6052538489D006E5531 /* Resources */ = {
			isa = PBXResourcesBuildPhase;
			buildActionMask = 2147483647;
			files = (
				DE50123F253A1BC600A73F7A /* timeline.json in Resources */,
				DE50122E253A1B7500A73F7A /* schedules.json in Resources */,
				DE501257253A1C2400A73F7A /* na-5060-rankings.json in Resources */,
				DE501238253A1BA300A73F7A /* coop-schedules.json in Resources */,
				DE50124D253A1BFF00A73F7A /* festivals.json in Resources */,
				DE501246253A1BE200A73F7A /* merchandise.json in Resources */,
			);
			runOnlyForDeploymentPostprocessing = 0;
		};
		DE2BD6102538489D006E5531 /* Resources */ = {
			isa = PBXResourcesBuildPhase;
			buildActionMask = 2147483647;
			files = (
				DE501240253A1BC600A73F7A /* timeline.json in Resources */,
				DE50122F253A1B7500A73F7A /* schedules.json in Resources */,
				DE501258253A1C2400A73F7A /* na-5060-rankings.json in Resources */,
				DE501239253A1BA300A73F7A /* coop-schedules.json in Resources */,
				DE50124E253A1BFF00A73F7A /* festivals.json in Resources */,
				DE501247253A1BE200A73F7A /* merchandise.json in Resources */,
			);
			runOnlyForDeploymentPostprocessing = 0;
		};
/* End PBXResourcesBuildPhase section */

/* Begin PBXSourcesBuildPhase section */
		DE2BD5F225384899006E5531 /* Sources */ = {
			isa = PBXSourcesBuildPhase;
			buildActionMask = 2147483647;
			files = (
				DE41B90625417D0A00AAD49A /* AsyncImage.swift in Sources */,
				DE50121B2539D22800A73F7A /* SplatoonKit.swift in Sources */,
				DE41B91325419B8200AAD49A /* GameModeEventView.swift in Sources */,
				DE41B90E25419B4500AAD49A /* StageImage.swift in Sources */,
				DE41B92225419C2B00AAD49A /* CoopEventView.swift in Sources */,
				DE2BD5FC25384899006E5531 /* ContentView.swift in Sources */,
				DE41B90025417C8A00AAD49A /* ImageLoader.swift in Sources */,
				DE5012222539E24A00A73F7A /* ScheduleFetcher.swift in Sources */,
				DE2BD5FA25384899006E5531 /* SplatInfoApp.swift in Sources */,
				DE50121425385E0D00A73F7A /* Splatoon2InkAPI.swift in Sources */,
				DE41B92C25419C7D00AAD49A /* ScheduleGrid.swift in Sources */,
				DE41B92725419C5600AAD49A /* TimelineCard.swift in Sources */,
				DE41B91D25419BDA00AAD49A /* TimeframeView.swift in Sources */,
				DE41B91825419BC400AAD49A /* TitleView.swift in Sources */,
			);
			runOnlyForDeploymentPostprocessing = 0;
		};
		DE2BD6032538489D006E5531 /* Sources */ = {
			isa = PBXSourcesBuildPhase;
			buildActionMask = 2147483647;
			files = (
				DE50121525385E0D00A73F7A /* Splatoon2InkAPI.swift in Sources */,
				DE2BD60C2538489D006E5531 /* SplatInfoTests.swift in Sources */,
				DE5012232539E24A00A73F7A /* ScheduleFetcher.swift in Sources */,
				DE50121C2539D22800A73F7A /* SplatoonKit.swift in Sources */,
			);
			runOnlyForDeploymentPostprocessing = 0;
		};
		DE2BD60E2538489D006E5531 /* Sources */ = {
			isa = PBXSourcesBuildPhase;
			buildActionMask = 2147483647;
			files = (
				DE50121625385E0D00A73F7A /* Splatoon2InkAPI.swift in Sources */,
				DE2BD6172538489D006E5531 /* SplatInfoUITests.swift in Sources */,
				DE5012242539E24A00A73F7A /* ScheduleFetcher.swift in Sources */,
				DE50121D2539D22800A73F7A /* SplatoonKit.swift in Sources */,
			);
			runOnlyForDeploymentPostprocessing = 0;
		};
/* End PBXSourcesBuildPhase section */

/* Begin PBXTargetDependency section */
		DE2BD6092538489D006E5531 /* PBXTargetDependency */ = {
			isa = PBXTargetDependency;
			target = DE2BD5F525384899006E5531 /* SplatInfo */;
			targetProxy = DE2BD6082538489D006E5531 /* PBXContainerItemProxy */;
		};
		DE2BD6142538489D006E5531 /* PBXTargetDependency */ = {
			isa = PBXTargetDependency;
			target = DE2BD5F525384899006E5531 /* SplatInfo */;
			targetProxy = DE2BD6132538489D006E5531 /* PBXContainerItemProxy */;
		};
/* End PBXTargetDependency section */

/* Begin XCBuildConfiguration section */
		DE2BD6192538489D006E5531 /* Debug */ = {
			isa = XCBuildConfiguration;
			buildSettings = {
				ALWAYS_SEARCH_USER_PATHS = NO;
				CLANG_ANALYZER_NONNULL = YES;
				CLANG_ANALYZER_NUMBER_OBJECT_CONVERSION = YES_AGGRESSIVE;
				CLANG_CXX_LANGUAGE_STANDARD = "gnu++14";
				CLANG_CXX_LIBRARY = "libc++";
				CLANG_ENABLE_MODULES = YES;
				CLANG_ENABLE_OBJC_ARC = YES;
				CLANG_ENABLE_OBJC_WEAK = YES;
				CLANG_WARN_BLOCK_CAPTURE_AUTORELEASING = YES;
				CLANG_WARN_BOOL_CONVERSION = YES;
				CLANG_WARN_COMMA = YES;
				CLANG_WARN_CONSTANT_CONVERSION = YES;
				CLANG_WARN_DEPRECATED_OBJC_IMPLEMENTATIONS = YES;
				CLANG_WARN_DIRECT_OBJC_ISA_USAGE = YES_ERROR;
				CLANG_WARN_DOCUMENTATION_COMMENTS = YES;
				CLANG_WARN_EMPTY_BODY = YES;
				CLANG_WARN_ENUM_CONVERSION = YES;
				CLANG_WARN_INFINITE_RECURSION = YES;
				CLANG_WARN_INT_CONVERSION = YES;
				CLANG_WARN_NON_LITERAL_NULL_CONVERSION = YES;
				CLANG_WARN_OBJC_IMPLICIT_RETAIN_SELF = YES;
				CLANG_WARN_OBJC_LITERAL_CONVERSION = YES;
				CLANG_WARN_OBJC_ROOT_CLASS = YES_ERROR;
				CLANG_WARN_QUOTED_INCLUDE_IN_FRAMEWORK_HEADER = YES;
				CLANG_WARN_RANGE_LOOP_ANALYSIS = YES;
				CLANG_WARN_STRICT_PROTOTYPES = YES;
				CLANG_WARN_SUSPICIOUS_MOVE = YES;
				CLANG_WARN_UNGUARDED_AVAILABILITY = YES_AGGRESSIVE;
				CLANG_WARN_UNREACHABLE_CODE = YES;
				CLANG_WARN__DUPLICATE_METHOD_MATCH = YES;
				COPY_PHASE_STRIP = NO;
				DEBUG_INFORMATION_FORMAT = dwarf;
				ENABLE_STRICT_OBJC_MSGSEND = YES;
				ENABLE_TESTABILITY = YES;
				GCC_C_LANGUAGE_STANDARD = gnu11;
				GCC_DYNAMIC_NO_PIC = NO;
				GCC_NO_COMMON_BLOCKS = YES;
				GCC_OPTIMIZATION_LEVEL = 0;
				GCC_PREPROCESSOR_DEFINITIONS = (
					"DEBUG=1",
					"$(inherited)",
				);
				GCC_WARN_64_TO_32_BIT_CONVERSION = YES;
				GCC_WARN_ABOUT_RETURN_TYPE = YES_ERROR;
				GCC_WARN_UNDECLARED_SELECTOR = YES;
				GCC_WARN_UNINITIALIZED_AUTOS = YES_AGGRESSIVE;
				GCC_WARN_UNUSED_FUNCTION = YES;
				GCC_WARN_UNUSED_VARIABLE = YES;
				IPHONEOS_DEPLOYMENT_TARGET = 14.0;
				MTL_ENABLE_DEBUG_INFO = INCLUDE_SOURCE;
				MTL_FAST_MATH = YES;
				ONLY_ACTIVE_ARCH = YES;
				SDKROOT = iphoneos;
				SWIFT_ACTIVE_COMPILATION_CONDITIONS = DEBUG;
				SWIFT_OPTIMIZATION_LEVEL = "-Onone";
			};
			name = Debug;
		};
		DE2BD61A2538489D006E5531 /* Release */ = {
			isa = XCBuildConfiguration;
			buildSettings = {
				ALWAYS_SEARCH_USER_PATHS = NO;
				CLANG_ANALYZER_NONNULL = YES;
				CLANG_ANALYZER_NUMBER_OBJECT_CONVERSION = YES_AGGRESSIVE;
				CLANG_CXX_LANGUAGE_STANDARD = "gnu++14";
				CLANG_CXX_LIBRARY = "libc++";
				CLANG_ENABLE_MODULES = YES;
				CLANG_ENABLE_OBJC_ARC = YES;
				CLANG_ENABLE_OBJC_WEAK = YES;
				CLANG_WARN_BLOCK_CAPTURE_AUTORELEASING = YES;
				CLANG_WARN_BOOL_CONVERSION = YES;
				CLANG_WARN_COMMA = YES;
				CLANG_WARN_CONSTANT_CONVERSION = YES;
				CLANG_WARN_DEPRECATED_OBJC_IMPLEMENTATIONS = YES;
				CLANG_WARN_DIRECT_OBJC_ISA_USAGE = YES_ERROR;
				CLANG_WARN_DOCUMENTATION_COMMENTS = YES;
				CLANG_WARN_EMPTY_BODY = YES;
				CLANG_WARN_ENUM_CONVERSION = YES;
				CLANG_WARN_INFINITE_RECURSION = YES;
				CLANG_WARN_INT_CONVERSION = YES;
				CLANG_WARN_NON_LITERAL_NULL_CONVERSION = YES;
				CLANG_WARN_OBJC_IMPLICIT_RETAIN_SELF = YES;
				CLANG_WARN_OBJC_LITERAL_CONVERSION = YES;
				CLANG_WARN_OBJC_ROOT_CLASS = YES_ERROR;
				CLANG_WARN_QUOTED_INCLUDE_IN_FRAMEWORK_HEADER = YES;
				CLANG_WARN_RANGE_LOOP_ANALYSIS = YES;
				CLANG_WARN_STRICT_PROTOTYPES = YES;
				CLANG_WARN_SUSPICIOUS_MOVE = YES;
				CLANG_WARN_UNGUARDED_AVAILABILITY = YES_AGGRESSIVE;
				CLANG_WARN_UNREACHABLE_CODE = YES;
				CLANG_WARN__DUPLICATE_METHOD_MATCH = YES;
				COPY_PHASE_STRIP = NO;
				DEBUG_INFORMATION_FORMAT = "dwarf-with-dsym";
				ENABLE_NS_ASSERTIONS = NO;
				ENABLE_STRICT_OBJC_MSGSEND = YES;
				GCC_C_LANGUAGE_STANDARD = gnu11;
				GCC_NO_COMMON_BLOCKS = YES;
				GCC_WARN_64_TO_32_BIT_CONVERSION = YES;
				GCC_WARN_ABOUT_RETURN_TYPE = YES_ERROR;
				GCC_WARN_UNDECLARED_SELECTOR = YES;
				GCC_WARN_UNINITIALIZED_AUTOS = YES_AGGRESSIVE;
				GCC_WARN_UNUSED_FUNCTION = YES;
				GCC_WARN_UNUSED_VARIABLE = YES;
				IPHONEOS_DEPLOYMENT_TARGET = 14.0;
				MTL_ENABLE_DEBUG_INFO = NO;
				MTL_FAST_MATH = YES;
				SDKROOT = iphoneos;
				SWIFT_COMPILATION_MODE = wholemodule;
				SWIFT_OPTIMIZATION_LEVEL = "-O";
				VALIDATE_PRODUCT = YES;
			};
			name = Release;
		};
		DE2BD61C2538489D006E5531 /* Debug */ = {
			isa = XCBuildConfiguration;
			buildSettings = {
				ASSETCATALOG_COMPILER_APPICON_NAME = AppIcon;
				ASSETCATALOG_COMPILER_GLOBAL_ACCENT_COLOR_NAME = AccentColor;
				CODE_SIGN_STYLE = Automatic;
				DEVELOPMENT_ASSET_PATHS = "\"SplatInfo/Preview Content\"";
				DEVELOPMENT_TEAM = 2FLHWYJQPA;
				ENABLE_PREVIEWS = YES;
				INFOPLIST_FILE = SplatInfo/Info.plist;
				IPHONEOS_DEPLOYMENT_TARGET = 14.0;
				LD_RUNPATH_SEARCH_PATHS = (
					"$(inherited)",
					"@executable_path/Frameworks",
				);
				PRODUCT_BUNDLE_IDENTIFIER = "com.ggg-apps.SplatInfo";
				PRODUCT_NAME = "$(TARGET_NAME)";
				SWIFT_VERSION = 5.0;
				TARGETED_DEVICE_FAMILY = "1,2";
			};
			name = Debug;
		};
		DE2BD61D2538489D006E5531 /* Release */ = {
			isa = XCBuildConfiguration;
			buildSettings = {
				ASSETCATALOG_COMPILER_APPICON_NAME = AppIcon;
				ASSETCATALOG_COMPILER_GLOBAL_ACCENT_COLOR_NAME = AccentColor;
				CODE_SIGN_STYLE = Automatic;
				DEVELOPMENT_ASSET_PATHS = "\"SplatInfo/Preview Content\"";
				DEVELOPMENT_TEAM = 2FLHWYJQPA;
				ENABLE_PREVIEWS = YES;
				INFOPLIST_FILE = SplatInfo/Info.plist;
				IPHONEOS_DEPLOYMENT_TARGET = 14.0;
				LD_RUNPATH_SEARCH_PATHS = (
					"$(inherited)",
					"@executable_path/Frameworks",
				);
				PRODUCT_BUNDLE_IDENTIFIER = "com.ggg-apps.SplatInfo";
				PRODUCT_NAME = "$(TARGET_NAME)";
				SWIFT_VERSION = 5.0;
				TARGETED_DEVICE_FAMILY = "1,2";
			};
			name = Release;
		};
		DE2BD61F2538489D006E5531 /* Debug */ = {
			isa = XCBuildConfiguration;
			buildSettings = {
				ALWAYS_EMBED_SWIFT_STANDARD_LIBRARIES = YES;
				BUNDLE_LOADER = "$(TEST_HOST)";
				CODE_SIGN_STYLE = Automatic;
				DEVELOPMENT_TEAM = 2FLHWYJQPA;
				INFOPLIST_FILE = SplatInfoTests/Info.plist;
				IPHONEOS_DEPLOYMENT_TARGET = 14.0;
				LD_RUNPATH_SEARCH_PATHS = (
					"$(inherited)",
					"@executable_path/Frameworks",
					"@loader_path/Frameworks",
				);
				PRODUCT_BUNDLE_IDENTIFIER = "com.ggg-apps.SplatInfoTests";
				PRODUCT_NAME = "$(TARGET_NAME)";
				SWIFT_VERSION = 5.0;
				TARGETED_DEVICE_FAMILY = "1,2";
				TEST_HOST = "$(BUILT_PRODUCTS_DIR)/SplatInfo.app/SplatInfo";
			};
			name = Debug;
		};
		DE2BD6202538489D006E5531 /* Release */ = {
			isa = XCBuildConfiguration;
			buildSettings = {
				ALWAYS_EMBED_SWIFT_STANDARD_LIBRARIES = YES;
				BUNDLE_LOADER = "$(TEST_HOST)";
				CODE_SIGN_STYLE = Automatic;
				DEVELOPMENT_TEAM = 2FLHWYJQPA;
				INFOPLIST_FILE = SplatInfoTests/Info.plist;
				IPHONEOS_DEPLOYMENT_TARGET = 14.0;
				LD_RUNPATH_SEARCH_PATHS = (
					"$(inherited)",
					"@executable_path/Frameworks",
					"@loader_path/Frameworks",
				);
				PRODUCT_BUNDLE_IDENTIFIER = "com.ggg-apps.SplatInfoTests";
				PRODUCT_NAME = "$(TARGET_NAME)";
				SWIFT_VERSION = 5.0;
				TARGETED_DEVICE_FAMILY = "1,2";
				TEST_HOST = "$(BUILT_PRODUCTS_DIR)/SplatInfo.app/SplatInfo";
			};
			name = Release;
		};
		DE2BD6222538489D006E5531 /* Debug */ = {
			isa = XCBuildConfiguration;
			buildSettings = {
				ALWAYS_EMBED_SWIFT_STANDARD_LIBRARIES = YES;
				CODE_SIGN_STYLE = Automatic;
				DEVELOPMENT_TEAM = 2FLHWYJQPA;
				INFOPLIST_FILE = SplatInfoUITests/Info.plist;
				LD_RUNPATH_SEARCH_PATHS = (
					"$(inherited)",
					"@executable_path/Frameworks",
					"@loader_path/Frameworks",
				);
				PRODUCT_BUNDLE_IDENTIFIER = "com.ggg-apps.SplatInfoUITests";
				PRODUCT_NAME = "$(TARGET_NAME)";
				SWIFT_VERSION = 5.0;
				TARGETED_DEVICE_FAMILY = "1,2";
				TEST_TARGET_NAME = SplatInfo;
			};
			name = Debug;
		};
		DE2BD6232538489D006E5531 /* Release */ = {
			isa = XCBuildConfiguration;
			buildSettings = {
				ALWAYS_EMBED_SWIFT_STANDARD_LIBRARIES = YES;
				CODE_SIGN_STYLE = Automatic;
				DEVELOPMENT_TEAM = 2FLHWYJQPA;
				INFOPLIST_FILE = SplatInfoUITests/Info.plist;
				LD_RUNPATH_SEARCH_PATHS = (
					"$(inherited)",
					"@executable_path/Frameworks",
					"@loader_path/Frameworks",
				);
				PRODUCT_BUNDLE_IDENTIFIER = "com.ggg-apps.SplatInfoUITests";
				PRODUCT_NAME = "$(TARGET_NAME)";
				SWIFT_VERSION = 5.0;
				TARGETED_DEVICE_FAMILY = "1,2";
				TEST_TARGET_NAME = SplatInfo;
			};
			name = Release;
		};
/* End XCBuildConfiguration section */

/* Begin XCConfigurationList section */
		DE2BD5F125384899006E5531 /* Build configuration list for PBXProject "SplatInfo" */ = {
			isa = XCConfigurationList;
			buildConfigurations = (
				DE2BD6192538489D006E5531 /* Debug */,
				DE2BD61A2538489D006E5531 /* Release */,
			);
			defaultConfigurationIsVisible = 0;
			defaultConfigurationName = Release;
		};
		DE2BD61B2538489D006E5531 /* Build configuration list for PBXNativeTarget "SplatInfo" */ = {
			isa = XCConfigurationList;
			buildConfigurations = (
				DE2BD61C2538489D006E5531 /* Debug */,
				DE2BD61D2538489D006E5531 /* Release */,
			);
			defaultConfigurationIsVisible = 0;
			defaultConfigurationName = Release;
		};
		DE2BD61E2538489D006E5531 /* Build configuration list for PBXNativeTarget "SplatInfoTests" */ = {
			isa = XCConfigurationList;
			buildConfigurations = (
				DE2BD61F2538489D006E5531 /* Debug */,
				DE2BD6202538489D006E5531 /* Release */,
			);
			defaultConfigurationIsVisible = 0;
			defaultConfigurationName = Release;
		};
		DE2BD6212538489D006E5531 /* Build configuration list for PBXNativeTarget "SplatInfoUITests" */ = {
			isa = XCConfigurationList;
			buildConfigurations = (
				DE2BD6222538489D006E5531 /* Debug */,
				DE2BD6232538489D006E5531 /* Release */,
			);
			defaultConfigurationIsVisible = 0;
			defaultConfigurationName = Release;
		};
/* End XCConfigurationList section */
	};
	rootObject = DE2BD5EE25384899006E5531 /* Project object */;
}
